github.com/Masterminds/semver v1.5.0 h1:H65muMkzWKEuNDnfl9d70GUjFniHKHRbFPGBuZ3QEww=
github.com/Masterminds/semver v1.5.0/go.mod h1:MB6lktGJrhw8PrUyiEoblNEGEQ+RzHPF078ddwwvV3Y=
github.com/NVIDIA/go-dcgm v0.0.0-20220316221121-30356c71fa0c h1:h9riLJtCutVH3/c6QOd7FY9wVY00ni4ih7tqgKYWaAE=
github.com/NVIDIA/go-dcgm v0.0.0-20220316221121-30356c71fa0c/go.mod h1:atKWXstYFllLarJucBxnt9ivFIPe26Y6S4JQvzqeSr8=
github.com/bits-and-blooms/bitset v1.2.1/go.mod h1:gIdJ4wp64HaoK2YrL1Q5/N7Y16edYb8uY+O0FJTyyDA=
github.com/bits-and-blooms/bitset v1.2.2 h1:J5gbX05GpMdBjCvQ9MteIg2KKDExr7DrgK+Yc15FvIk=
github.com/bits-and-blooms/bitset v1.2.2/go.mod h1:gIdJ4wp64HaoK2YrL1Q5/N7Y16edYb8uY+O0FJTyyDA=
github.com/gorilla/mux v1.8.0 h1:i40aqfkR1h2SlN9hojwV5ZA91wcXFOvkdNIeFDP5koI=
github.com/gorilla/mux v1.8.0/go.mod h1:DVbg23sWSpFRCP0SfiEN6jmj59UnW/n46BH5rLB71So=
